{
  "nodes": {
    "fht-compositor": {
      "inputs": {
        "fht-share-picker": "fht-share-picker",
        "flake-parts": [
          "flake-parts"
        ],
        "nixpkgs": [
          "nixpkgs"
        ],
        "rust-overlay": []
      },
      "locked": {
        "lastModified": 1744735270,
        "narHash": "sha256-tDGBPeZwyQ/ix6tYeZx20g9qXqCLmpfTJoaPJ6dWIJc=",
        "owner": "nferhat",
        "repo": "fht-compositor",
        "rev": "4266a61a80d15dba5afe3511db228bc4818ba129",
        "type": "github"
      },
      "original": {
        "owner": "nferhat",
        "repo": "fht-compositor",
        "type": "github"
      }
    },
    "fht-share-picker": {
      "inputs": {
        "flake-parts": [
          "fht-compositor",
          "flake-parts"
        ],
        "nixpkgs": [
          "fht-compositor",
          "nixpkgs"
        ],
        "rust-overlay": [
          "fht-compositor"
        ]
      },
      "locked": {
        "lastModified": 1735832883,
        "narHash": "sha256-JX6btqPN6FA/nGYh0W9VnWePwWI3fZTlPLRXF2mALMA=",
        "owner": "nferhat",
        "repo": "fht-share-picker",
        "rev": "999ca73503c4e86cd22876a9a7e2eb2e04c65c67",
        "type": "github"
      },
      "original": {
        "owner": "nferhat",
        "ref": "gtk-rewrite",
        "repo": "fht-share-picker",
        "type": "github"
      }
    },
    "flake-parts": {
      "inputs": {
        "nixpkgs-lib": [
          "nixpkgs"
        ]
      },
      "locked": {
        "lastModified": 1743550720,
        "narHash": "sha256-hIshGgKZCgWh6AYJpJmRgFdR3WUbkY04o82X05xqQiY=",
        "owner": "hercules-ci",
        "repo": "flake-parts",
        "rev": "c621e8422220273271f52058f618c94e405bb0f5",
        "type": "github"
      },
      "original": {
        "owner": "hercules-ci",
        "repo": "flake-parts",
        "type": "github"
      }
    },
    "home-manager": {
      "inputs": {
        "nixpkgs": [
          "nixpkgs"
        ]
      },
      "locked": {
        "lastModified": 1744663884,
        "narHash": "sha256-a6QGaZMDM1miK8VWzAITsEPOdmLk+xTPyJSTjVs3WhI=",
        "owner": "nix-community",
        "repo": "home-manager",
        "rev": "d5cdf55bd9f19a3debd55b6cb5d38f7831426265",
        "type": "github"
      },
      "original": {
        "owner": "nix-community",
        "repo": "home-manager",
        "type": "github"
      }
    },
    "nixos-hardware": {
      "locked": {
        "lastModified": 1744633460,
        "narHash": "sha256-fbWE4Xpw6eH0Q6in+ymNuDwTkqmFmtxcQEmtRuKDTTk=",
        "owner": "NixOS",
        "repo": "nixos-hardware",
        "rev": "9a049b4a421076d27fee3eec664a18b2066824cb",
        "type": "github"
      },
      "original": {
        "owner": "NixOS",
        "repo": "nixos-hardware",
        "type": "github"
      }
    },
    "nixpkgs": {
      "locked": {
        "lastModified": 1744463964,
        "narHash": "sha256-LWqduOgLHCFxiTNYi3Uj5Lgz0SR+Xhw3kr/3Xd0GPTM=",
        "owner": "NixOS",
        "repo": "nixpkgs",
        "rev": "2631b0b7abcea6e640ce31cd78ea58910d31e650",
        "type": "github"
      },
      "original": {
        "owner": "NixOS",
        "ref": "nixos-unstable",
        "repo": "nixpkgs",
        "type": "github"
      }
    },
    "root": {
      "inputs": {
        "fht-compositor": "fht-compositor",
        "flake-parts": "flake-parts",
        "home-manager": "home-manager",
        "nixos-hardware": "nixos-hardware",
        "nixpkgs": "nixpkgs"
      }
    }
  },
  "root": "root",
  "version": 7
}
